
Microsoft Visual Studio Solution File, Format Version 12.00
# Visual Studio Version 17
VisualStudioVersion = 17.13.35919.96 d17.13
MinimumVisualStudioVersion = 10.0.40219.1
Project("{FAE04EC0-301F-11D3-BF4B-00C04F79EFBC}") = "Mi primera aplicacion MAUI", "Mi primera aplicacion MAUI\Mi primera aplicacion MAUI.csproj", "{5ECB3960-D5DF-4DA5-83FA-27C4EA368BCC}"
EndProject
Global
	GlobalSection(SolutionConfigurationPlatforms) = preSolution
		Debug|Any CPU = Debug|Any CPU
		Release|Any CPU = Release|Any CPU
	EndGlobalSection
	GlobalSection(ProjectConfigurationPlatforms) = postSolution
		{5ECB3960-D5DF-4DA5-83FA-27C4EA368BCC}.Debug|Any CPU.ActiveCfg = Debug|Any CPU
		{5ECB3960-D5DF-4DA5-83FA-27C4EA368BCC}.Debug|Any CPU.Build.0 = Debug|Any CPU
		{5ECB3960-D5DF-4DA5-83FA-27C4EA368BCC}.Release|Any CPU.ActiveCfg = Release|Any CPU
		{5ECB3960-D5DF-4DA5-83FA-27C4EA368BCC}.Release|Any CPU.Build.0 = Release|Any CPU
	EndGlobalSection
	GlobalSection(SolutionProperties) = preSolution
		HideSolutionNode = FALSE
	EndGlobalSection
	GlobalSection(ExtensibilityGlobals) = postSolution
		SolutionGuid = {30D90A31-EF96-4111-BCF5-EC9C3C6491C1}
	EndGlobalSection
EndGlobal
