
Microsoft Visual Studio Solution File, Format Version 12.00
# Visual Studio Version 17
VisualStudioVersion = 17.13.35919.96 d17.13
MinimumVisualStudioVersion = 10.0.40219.1
Project("{FAE04EC0-301F-11D3-BF4B-00C04F79EFBC}") = "AntambaJ -MVC-AplicacionLigaPro", "AntambaJ -MVC-AplicacionLigaPro\AntambaJ -MVC-AplicacionLigaPro.csproj", "{96705E75-3C0D-4E91-B42B-12DA9DCB0A25}"
EndProject
Global
	GlobalSection(SolutionConfigurationPlatforms) = preSolution
		Debug|Any CPU = Debug|Any CPU
		Release|Any CPU = Release|Any CPU
	EndGlobalSection
	GlobalSection(ProjectConfigurationPlatforms) = postSolution
		{96705E75-3C0D-4E91-B42B-12DA9DCB0A25}.Debug|Any CPU.ActiveCfg = Debug|Any CPU
		{96705E75-3C0D-4E91-B42B-12DA9DCB0A25}.Debug|Any CPU.Build.0 = Debug|Any CPU
		{96705E75-3C0D-4E91-B42B-12DA9DCB0A25}.Release|Any CPU.ActiveCfg = Release|Any CPU
		{96705E75-3C0D-4E91-B42B-12DA9DCB0A25}.Release|Any CPU.Build.0 = Release|Any CPU
	EndGlobalSection
	GlobalSection(SolutionProperties) = preSolution
		HideSolutionNode = FALSE
	EndGlobalSection
	GlobalSection(ExtensibilityGlobals) = postSolution
		SolutionGuid = {06E8EAB0-2857-4C37-BCA9-A1ECBEAE42EC}
	EndGlobalSection
EndGlobal
